
Microsoft Visual Studio Solution File, Format Version 12.00
# Visual Studio Version 17
VisualStudioVersion = 17.9.34607.119
MinimumVisualStudioVersion = 10.0.40219.1
Project("{FAE04EC0-301F-11D3-BF4B-00C04F79EFBC}") = "MapTest-.NET8", "MapTest-.NET8\MapTest-.NET8.csproj", "{7C5A776E-6812-47C4-AFE5-DC99F0BA39FD}"
EndProject
Global
	GlobalSection(SolutionConfigurationPlatforms) = preSolution
		Debug|Any CPU = Debug|Any CPU
		Release|Any CPU = Release|Any CPU
	EndGlobalSection
	GlobalSection(ProjectConfigurationPlatforms) = postSolution
		{7C5A776E-6812-47C4-AFE5-DC99F0BA39FD}.Debug|Any CPU.ActiveCfg = Debug|Any CPU
		{7C5A776E-6812-47C4-AFE5-DC99F0BA39FD}.Debug|Any CPU.Build.0 = Debug|Any CPU
		{7C5A776E-6812-47C4-AFE5-DC99F0BA39FD}.Release|Any CPU.ActiveCfg = Release|Any CPU
		{7C5A776E-6812-47C4-AFE5-DC99F0BA39FD}.Release|Any CPU.Build.0 = Release|Any CPU
	EndGlobalSection
	GlobalSection(SolutionProperties) = preSolution
		HideSolutionNode = FALSE
	EndGlobalSection
	GlobalSection(ExtensibilityGlobals) = postSolution
		SolutionGuid = {F5BF9B2A-FD41-40EC-8C45-CE0EE6274C8C}
	EndGlobalSection
EndGlobal
